
Microsoft Visual Studio Solution File, Format Version 12.00
# Visual Studio Version 16
VisualStudioVersion = 16.0.30907.101
MinimumVisualStudioVersion = 10.0.40219.1
Project("{FAE04EC0-301F-11D3-BF4B-00C04F79EFBC}") = "ZipExtractor", "ZipExtractor\ZipExtractor.csproj", "{775A02FC-2F8A-4CE2-845B-96B1A6BDD210}"
EndProject
Global
	GlobalSection(SolutionConfigurationPlatforms) = preSolution
		Debug|Any CPU = Debug|Any CPU
		Release|Any CPU = Release|Any CPU
	EndGlobalSection
	GlobalSection(ProjectConfigurationPlatforms) = postSolution
		{775A02FC-2F8A-4CE2-845B-96B1A6BDD210}.Debug|Any CPU.ActiveCfg = Debug|Any CPU
		{775A02FC-2F8A-4CE2-845B-96B1A6BDD210}.Debug|Any CPU.Build.0 = Debug|Any CPU
		{775A02FC-2F8A-4CE2-845B-96B1A6BDD210}.Release|Any CPU.ActiveCfg = Release|Any CPU
		{775A02FC-2F8A-4CE2-845B-96B1A6BDD210}.Release|Any CPU.Build.0 = Release|Any CPU
	EndGlobalSection
	GlobalSection(SolutionProperties) = preSolution
		HideSolutionNode = FALSE
	EndGlobalSection
	GlobalSection(ExtensibilityGlobals) = postSolution
		SolutionGuid = {81092E0D-BBE6-477C-947A-F0F74CE23EB6}
	EndGlobalSection
EndGlobal
